<?xml version="1.0" encoding="utf-8"?>
<Project ToolsVersion="17.0" xmlns="http://schemas.microsoft.com/developer/msbuild/2003">
  <ItemGroup>
    <CustomBuild Include="S:\bsp_build\CMakeFiles\b8dd7399c83ec4f21bc32093d7e361e9\Experimental.rule">
      <Filter>CMake Rules</Filter>
    </CustomBuild>
    <CustomBuild Include="C:\Users\pas02\Nextcloud\Documents\03_Data Science - Uni Stuttgart\06_SoS 2026\04_Software Engineering\Industry project\beam-section-property-tool\CMakeLists.txt" />
  </ItemGroup>
  <ItemGroup>
    <None Include="S:\bsp_build\CMakeFiles\Experimental" />
  </ItemGroup>
  <ItemGroup>
    <Filter Include="CMake Rules">
      <UniqueIdentifier>{AD66FC65-6BD2-3BAB-BCC2-A69DEE6CA6BA}</UniqueIdentifier>
    </Filter>
  </ItemGroup>
</Project>
