<?xml version="1.0" encoding="utf-8"?>
<Project ToolsVersion="17.0" xmlns="http://schemas.microsoft.com/developer/msbuild/2003">
  <ItemGroup>
    <ClCompile Include="C:\Users\pas02\Nextcloud\Documents\03_Data Science - Uni Stuttgart\06_SoS 2026\04_Software Engineering\Industry project\beam-section-property-tool\Source\geometry\GeometryUtils.cpp">
      <Filter>Source Files</Filter>
    </ClCompile>
    <ClCompile Include="C:\Users\pas02\Nextcloud\Documents\03_Data Science - Uni Stuttgart\06_SoS 2026\04_Software Engineering\Industry project\beam-section-property-tool\Source\geometry\SectionBuilder.cpp">
      <Filter>Source Files</Filter>
    </ClCompile>
    <ClCompile Include="C:\Users\pas02\Nextcloud\Documents\03_Data Science - Uni Stuttgart\06_SoS 2026\04_Software Engineering\Industry project\beam-section-property-tool\Source\calculation\SectionCalculator.cpp">
      <Filter>Source Files</Filter>
    </ClCompile>
    <ClCompile Include="C:\Users\pas02\Nextcloud\Documents\03_Data Science - Uni Stuttgart\06_SoS 2026\04_Software Engineering\Industry project\beam-section-property-tool\Source\stress\StressPointEngine.cpp">
      <Filter>Source Files</Filter>
    </ClCompile>
    <ClCompile Include="C:\Users\pas02\Nextcloud\Documents\03_Data Science - Uni Stuttgart\06_SoS 2026\04_Software Engineering\Industry project\beam-section-property-tool\Source\mesh\MeshEngine.cpp">
      <Filter>Source Files</Filter>
    </ClCompile>
    <ClCompile Include="C:\Users\pas02\Nextcloud\Documents\03_Data Science - Uni Stuttgart\06_SoS 2026\04_Software Engineering\Industry project\beam-section-property-tool\Source\import_export\Exporter.cpp">
      <Filter>Source Files</Filter>
    </ClCompile>
  </ItemGroup>
  <ItemGroup>
    <CustomBuild Include="C:\Users\pas02\Nextcloud\Documents\03_Data Science - Uni Stuttgart\06_SoS 2026\04_Software Engineering\Industry project\beam-section-property-tool\CMakeLists.txt" />
  </ItemGroup>
  <ItemGroup>
    <Filter Include="Source Files">
      <UniqueIdentifier>{A0C1110B-E90A-3628-9F28-08C8C048CC48}</UniqueIdentifier>
    </Filter>
  </ItemGroup>
</Project>
